
Microsoft Visual Studio Solution File, Format Version 12.00
# Visual Studio 15
VisualStudioVersion = 15.0.26730.12
MinimumVisualStudioVersion = 10.0.40219.1
Project("{9A19103F-16F7-4668-BE54-9A1E7A4F7556}") = "LaHoraDeDami", "LaHoraDeDami\LaHoraDeDami.csproj", "{A2E24426-EAA2-45F3-99F7-5F1223161DC9}"
EndProject
Project("{9A19103F-16F7-4668-BE54-9A1E7A4F7556}") = "Listas", "Listas\Listas.csproj", "{F9EC19AD-D9E0-442B-B425-FF27173F4A52}"
EndProject
Project("{2150E333-8FDC-42A3-9474-1A3956D46DE8}") = "SonarQube", "SonarQube", "{193467FB-7392-4665-B18F-74DBE39CAADB}"
	ProjectSection(SolutionItems) = preProject
		SonarQube\simp123CSharp.ruleset = SonarQube\simp123CSharp.ruleset
		SonarQube\SolutionBinding.sqconfig = SonarQube\SolutionBinding.sqconfig
	EndProjectSection
EndProject
Global
	GlobalSection(SolutionConfigurationPlatforms) = preSolution
		Debug|Any CPU = Debug|Any CPU
		Release|Any CPU = Release|Any CPU
	EndGlobalSection
	GlobalSection(ProjectConfigurationPlatforms) = postSolution
		{A2E24426-EAA2-45F3-99F7-5F1223161DC9}.Debug|Any CPU.ActiveCfg = Debug|Any CPU
		{A2E24426-EAA2-45F3-99F7-5F1223161DC9}.Debug|Any CPU.Build.0 = Debug|Any CPU
		{A2E24426-EAA2-45F3-99F7-5F1223161DC9}.Release|Any CPU.ActiveCfg = Release|Any CPU
		{A2E24426-EAA2-45F3-99F7-5F1223161DC9}.Release|Any CPU.Build.0 = Release|Any CPU
		{F9EC19AD-D9E0-442B-B425-FF27173F4A52}.Debug|Any CPU.ActiveCfg = Debug|Any CPU
		{F9EC19AD-D9E0-442B-B425-FF27173F4A52}.Debug|Any CPU.Build.0 = Debug|Any CPU
		{F9EC19AD-D9E0-442B-B425-FF27173F4A52}.Release|Any CPU.ActiveCfg = Release|Any CPU
		{F9EC19AD-D9E0-442B-B425-FF27173F4A52}.Release|Any CPU.Build.0 = Release|Any CPU
	EndGlobalSection
	GlobalSection(SolutionProperties) = preSolution
		HideSolutionNode = FALSE
	EndGlobalSection
	GlobalSection(ExtensibilityGlobals) = postSolution
		SolutionGuid = {2A63A4B8-603D-46FE-A024-1393DB8EA9C6}
	EndGlobalSection
EndGlobal
